
Microsoft Visual Studio Solution File, Format Version 12.00
# Visual Studio Version 17
VisualStudioVersion = 17.0.31903.59
MinimumVisualStudioVersion = 10.0.40219.1
Project("{FAE04EC0-301F-11D3-BF4B-00C04F79EFBC}") = "OftalmoLibre", "OftalmoLibre\OftalmoLibre.csproj", "{F8ECC150-BDD3-462F-9880-B406D7B17787}"
EndProject
Project("{FAE04EC0-301F-11D3-BF4B-00C04F79EFBC}") = "OftalmoLibre.SmokeTests", "OftalmoLibre.SmokeTests\OftalmoLibre.SmokeTests.csproj", "{0C553A2C-FD62-405A-B8AB-5E7575A2D51A}"
EndProject
Global
	GlobalSection(SolutionConfigurationPlatforms) = preSolution
		Debug|Any CPU = Debug|Any CPU
		Release|Any CPU = Release|Any CPU
	EndGlobalSection
	GlobalSection(SolutionProperties) = preSolution
		HideSolutionNode = FALSE
	EndGlobalSection
	GlobalSection(ProjectConfigurationPlatforms) = postSolution
		{F8ECC150-BDD3-462F-9880-B406D7B17787}.Debug|Any CPU.ActiveCfg = Debug|Any CPU
		{F8ECC150-BDD3-462F-9880-B406D7B17787}.Debug|Any CPU.Build.0 = Debug|Any CPU
		{F8ECC150-BDD3-462F-9880-B406D7B17787}.Release|Any CPU.ActiveCfg = Release|Any CPU
		{F8ECC150-BDD3-462F-9880-B406D7B17787}.Release|Any CPU.Build.0 = Release|Any CPU
		{0C553A2C-FD62-405A-B8AB-5E7575A2D51A}.Debug|Any CPU.ActiveCfg = Debug|Any CPU
		{0C553A2C-FD62-405A-B8AB-5E7575A2D51A}.Debug|Any CPU.Build.0 = Debug|Any CPU
		{0C553A2C-FD62-405A-B8AB-5E7575A2D51A}.Release|Any CPU.ActiveCfg = Release|Any CPU
		{0C553A2C-FD62-405A-B8AB-5E7575A2D51A}.Release|Any CPU.Build.0 = Release|Any CPU
	EndGlobalSection
EndGlobal
